PODS:
  - Flutter (1.0.0)
  - integration_test (0.0.1):
    - Flutter
  - shipbook_flutter_omnys (0.0.1):
    - Flutter
    - ShipBookSDK
  - ShipBookSDK (1.1.19)

DEPENDENCIES:
  - Flutter (from `Flutter`)
  - integration_test (from `.symlinks/plugins/integration_test/ios`)
  - shipbook_flutter_omnys (from `.symlinks/plugins/shipbook_flutter_omnys/ios`)

SPEC REPOS:
  trunk:
    - ShipBookSDK

EXTERNAL SOURCES:
  Flutter:
    :path: Flutter
  integration_test:
    :path: ".symlinks/plugins/integration_test/ios"
  shipbook_flutter_omnys:
    :path: ".symlinks/plugins/shipbook_flutter_omnys/ios"

SPEC CHECKSUMS:
  Flutter: f04841e97a9d0b0a8025694d0796dd46242b2854
  integration_test: 13825b8a9334a850581300559b8839134b124670
  shipbook_flutter_omnys: 682c217a6e00e53c44c4c53bd1dbb8219480857c
  ShipBookSDK: 2086b80c9beef01f44a28390012223ee863410eb

PODFILE CHECKSUM: 70d9d25280d0dd177a5f637cdb0f0b0b12c6a189

COCOAPODS: 1.12.1
